
Microsoft Visual Studio Solution File, Format Version 12.00
# Visual Studio 14
VisualStudioVersion = 14.0.25123.0
MinimumVisualStudioVersion = 10.0.40219.1
Project("{FAE04EC0-301F-11D3-BF4B-00C04F79EFBC}") = "SharpDX.Toolkit", "Source\Toolkit\SharpDX.Toolkit\SharpDX.Toolkit.csproj", "{9FF0707C-75BB-4984-A01F-B9EAAD293F6C}"
EndProject
Project("{FAE04EC0-301F-11D3-BF4B-00C04F79EFBC}") = "SharpDX.Toolkit.Graphics", "Source\Toolkit\SharpDX.Toolkit.Graphics\SharpDX.Toolkit.Graphics.csproj", "{53EF08A7-4224-434C-A62C-F29807C1C750}"
EndProject
Project("{FAE04EC0-301F-11D3-BF4B-00C04F79EFBC}") = "SharpDX.Toolkit.Compiler", "Source\Toolkit\SharpDX.Toolkit.Compiler\SharpDX.Toolkit.Compiler.csproj", "{8BFFF9D1-84EC-4FBA-9BEB-710ECF1857A8}"
EndProject
Project("{FAE04EC0-301F-11D3-BF4B-00C04F79EFBC}") = "tkfxc", "Source\Toolkit\tkfxc\tkfxc.csproj", "{BCE106B4-0C81-4705-8A9C-C4C4F5EAB702}"
EndProject
Project("{FAE04EC0-301F-11D3-BF4B-00C04F79EFBC}") = "SharpDX.Toolkit.Game", "Source\Toolkit\SharpDX.Toolkit.Game\SharpDX.Toolkit.Game.csproj", "{B2516A23-1A99-4263-964A-B820FD07FA80}"
EndProject
Project("{FAE04EC0-301F-11D3-BF4B-00C04F79EFBC}") = "SharpDX.Toolkit.CompilerTask", "Source\Toolkit\SharpDX.Toolkit.CompilerTask\SharpDX.Toolkit.CompilerTask.csproj", "{90F4C7BC-7A08-4C0F-A5D7-ED9D1D3900D4}"
EndProject
Project("{FAE04EC0-301F-11D3-BF4B-00C04F79EFBC}") = "tkfont", "Source\Toolkit\tkfont\tkfont.csproj", "{7329B02D-C504-482A-A156-181D48CE493C}"
EndProject
Project("{FAE04EC0-301F-11D3-BF4B-00C04F79EFBC}") = "tkmodel", "Source\Toolkit\tkmodel\tkmodel.csproj", "{76FD0713-F217-4485-89B3-C6423DB46C58}"
EndProject
Project("{FAE04EC0-301F-11D3-BF4B-00C04F79EFBC}") = "SharpDX.Toolkit.Audio", "Source\Toolkit\SharpDX.Toolkit.Audio\SharpDX.Toolkit.Audio.csproj", "{1FA327C8-6C48-4FFC-9235-B98B7521B79D}"
EndProject
Project("{FAE04EC0-301F-11D3-BF4B-00C04F79EFBC}") = "SharpDX.Toolkit.Input", "Source\Toolkit\SharpDX.Toolkit.Input\SharpDX.Toolkit.Input.csproj", "{46452614-6B06-400F-A74C-1632C79B762C}"
EndProject
Project("{FAE04EC0-301F-11D3-BF4B-00C04F79EFBC}") = "SharpDX.Toolkit.Yaml", "Source\Toolkit\SharpDX.Toolkit.Yaml\SharpDX.Toolkit.Yaml.csproj", "{ED9F81D3-C2F1-47CA-A25C-8F2CEFE70D0F}"
EndProject
Project("{FAE04EC0-301F-11D3-BF4B-00C04F79EFBC}") = "SharpDX.Toolkit.Tests", "Source\Tests\SharpDX.Toolkit.Tests\SharpDX.Toolkit.Tests.csproj", "{EEFFFBCA-06D3-447E-85B0-E49FC5676744}"
EndProject
Project("{FAE04EC0-301F-11D3-BF4B-00C04F79EFBC}") = "SharpDX.Toolkit.Graphics.Tests", "Source\Tests\SharpDX.Toolkit.Graphics.Tests\SharpDX.Toolkit.Graphics.Tests.csproj", "{4E0E6A4D-930D-4660-8DE0-E30FF1F9F4A9}"
EndProject
Project("{2150E333-8FDC-42A3-9474-1A3956D46DE8}") = "StoreApp", "StoreApp", "{D557E3EB-E819-40C3-AC3B-C8A0DFDF2AD5}"
EndProject
Project("{FAE04EC0-301F-11D3-BF4B-00C04F79EFBC}") = "SharpDX.Toolkit.Uwp", "Source\Toolkit\SharpDX.Toolkit.Uwp\SharpDX.Toolkit.Uwp.csproj", "{B56E3293-87AF-46BA-B64C-B973C983D67F}"
EndProject
Project("{FAE04EC0-301F-11D3-BF4B-00C04F79EFBC}") = "SharpDX.Toolkit.Graphics.Uwp", "Source\Toolkit\SharpDX.Toolkit.Graphics.Uwp\SharpDX.Toolkit.Graphics.Uwp.csproj", "{049066CA-05C3-4629-B05B-547F3D0CB41B}"
EndProject
Project("{FAE04EC0-301F-11D3-BF4B-00C04F79EFBC}") = "SharpDX.Toolkit.Game.Uwp", "Source\Toolkit\SharpDX.Toolkit.Game.Uwp\SharpDX.Toolkit.Game.Uwp.csproj", "{4ABAA844-2FEB-48D1-9CAF-ED6D2A95BF37}"
EndProject
Project("{FAE04EC0-301F-11D3-BF4B-00C04F79EFBC}") = "SharpDX.Toolkit.Audio.Uwp", "Source\Toolkit\SharpDX.Toolkit.Audio.Uwp\SharpDX.Toolkit.Audio.Uwp.csproj", "{834689A4-F62D-4E4E-8B7E-11A070470B8B}"
EndProject
Project("{2150E333-8FDC-42A3-9474-1A3956D46DE8}") = "Samples", "Samples", "{742525A5-2B1D-4690-B03B-6A1A200D3A9F}"
EndProject
Project("{FAE04EC0-301F-11D3-BF4B-00C04F79EFBC}") = "HackTest", "Source\Samples\HackTest\HackTest.csproj", "{C36791B4-786A-43E2-BD5C-A361BA9B456E}"
EndProject
Project("{FAE04EC0-301F-11D3-BF4B-00C04F79EFBC}") = "HackTest.Uwp", "Source\Samples\HackTest.Uwp\HackTest.Uwp.csproj", "{E9E0A195-A167-49D4-9F26-CCE99D754D24}"
EndProject
Project("{FAE04EC0-301F-11D3-BF4B-00C04F79EFBC}") = "SharpDX.Toolkit.Input.Uwp", "Source\Toolkit\SharpDX.Toolkit.Input.Uwp\SharpDX.Toolkit.Input.Uwp.csproj", "{FFAD4644-7527-47AD-A346-C08BE358C3F9}"
EndProject
Global
	GlobalSection(SolutionConfigurationPlatforms) = preSolution
		Debug|Any CPU = Debug|Any CPU
		Debug|ARM = Debug|ARM
		Debug|x64 = Debug|x64
		Debug|x86 = Debug|x86
		Release|Any CPU = Release|Any CPU
		Release|ARM = Release|ARM
		Release|x64 = Release|x64
		Release|x86 = Release|x86
	EndGlobalSection
	GlobalSection(ProjectConfigurationPlatforms) = postSolution
		{9FF0707C-75BB-4984-A01F-B9EAAD293F6C}.Debug|Any CPU.ActiveCfg = Debug|Any CPU
		{9FF0707C-75BB-4984-A01F-B9EAAD293F6C}.Debug|Any CPU.Build.0 = Debug|Any CPU
		{9FF0707C-75BB-4984-A01F-B9EAAD293F6C}.Debug|ARM.ActiveCfg = Debug|Any CPU
		{9FF0707C-75BB-4984-A01F-B9EAAD293F6C}.Debug|ARM.Build.0 = Debug|Any CPU
		{9FF0707C-75BB-4984-A01F-B9EAAD293F6C}.Debug|x64.ActiveCfg = Debug|Any CPU
		{9FF0707C-75BB-4984-A01F-B9EAAD293F6C}.Debug|x64.Build.0 = Debug|Any CPU
		{9FF0707C-75BB-4984-A01F-B9EAAD293F6C}.Debug|x86.ActiveCfg = Debug|Any CPU
		{9FF0707C-75BB-4984-A01F-B9EAAD293F6C}.Debug|x86.Build.0 = Debug|Any CPU
		{9FF0707C-75BB-4984-A01F-B9EAAD293F6C}.Release|Any CPU.ActiveCfg = Release|Any CPU
		{9FF0707C-75BB-4984-A01F-B9EAAD293F6C}.Release|Any CPU.Build.0 = Release|Any CPU
		{9FF0707C-75BB-4984-A01F-B9EAAD293F6C}.Release|ARM.ActiveCfg = Release|Any CPU
		{9FF0707C-75BB-4984-A01F-B9EAAD293F6C}.Release|ARM.Build.0 = Release|Any CPU
		{9FF0707C-75BB-4984-A01F-B9EAAD293F6C}.Release|x64.ActiveCfg = Release|Any CPU
		{9FF0707C-75BB-4984-A01F-B9EAAD293F6C}.Release|x64.Build.0 = Release|Any CPU
		{9FF0707C-75BB-4984-A01F-B9EAAD293F6C}.Release|x86.ActiveCfg = Release|Any CPU
		{9FF0707C-75BB-4984-A01F-B9EAAD293F6C}.Release|x86.Build.0 = Release|Any CPU
		{53EF08A7-4224-434C-A62C-F29807C1C750}.Debug|Any CPU.ActiveCfg = Debug|Any CPU
		{53EF08A7-4224-434C-A62C-F29807C1C750}.Debug|Any CPU.Build.0 = Debug|Any CPU
		{53EF08A7-4224-434C-A62C-F29807C1C750}.Debug|ARM.ActiveCfg = Debug|Any CPU
		{53EF08A7-4224-434C-A62C-F29807C1C750}.Debug|ARM.Build.0 = Debug|Any CPU
		{53EF08A7-4224-434C-A62C-F29807C1C750}.Debug|x64.ActiveCfg = Debug|Any CPU
		{53EF08A7-4224-434C-A62C-F29807C1C750}.Debug|x64.Build.0 = Debug|Any CPU
		{53EF08A7-4224-434C-A62C-F29807C1C750}.Debug|x86.ActiveCfg = Debug|Any CPU
		{53EF08A7-4224-434C-A62C-F29807C1C750}.Debug|x86.Build.0 = Debug|Any CPU
		{53EF08A7-4224-434C-A62C-F29807C1C750}.Release|Any CPU.ActiveCfg = Release|Any CPU
		{53EF08A7-4224-434C-A62C-F29807C1C750}.Release|Any CPU.Build.0 = Release|Any CPU
		{53EF08A7-4224-434C-A62C-F29807C1C750}.Release|ARM.ActiveCfg = Release|Any CPU
		{53EF08A7-4224-434C-A62C-F29807C1C750}.Release|ARM.Build.0 = Release|Any CPU
		{53EF08A7-4224-434C-A62C-F29807C1C750}.Release|x64.ActiveCfg = Release|Any CPU
		{53EF08A7-4224-434C-A62C-F29807C1C750}.Release|x64.Build.0 = Release|Any CPU
		{53EF08A7-4224-434C-A62C-F29807C1C750}.Release|x86.ActiveCfg = Release|Any CPU
		{53EF08A7-4224-434C-A62C-F29807C1C750}.Release|x86.Build.0 = Release|Any CPU
		{8BFFF9D1-84EC-4FBA-9BEB-710ECF1857A8}.Debug|Any CPU.ActiveCfg = Debug|Any CPU
		{8BFFF9D1-84EC-4FBA-9BEB-710ECF1857A8}.Debug|Any CPU.Build.0 = Debug|Any CPU
		{8BFFF9D1-84EC-4FBA-9BEB-710ECF1857A8}.Debug|ARM.ActiveCfg = Debug|Any CPU
		{8BFFF9D1-84EC-4FBA-9BEB-710ECF1857A8}.Debug|ARM.Build.0 = Debug|Any CPU
		{8BFFF9D1-84EC-4FBA-9BEB-710ECF1857A8}.Debug|x64.ActiveCfg = Debug|Any CPU
		{8BFFF9D1-84EC-4FBA-9BEB-710ECF1857A8}.Debug|x64.Build.0 = Debug|Any CPU
		{8BFFF9D1-84EC-4FBA-9BEB-710ECF1857A8}.Debug|x86.ActiveCfg = Debug|Any CPU
		{8BFFF9D1-84EC-4FBA-9BEB-710ECF1857A8}.Debug|x86.Build.0 = Debug|Any CPU
		{8BFFF9D1-84EC-4FBA-9BEB-710ECF1857A8}.Release|Any CPU.ActiveCfg = Release|Any CPU
		{8BFFF9D1-84EC-4FBA-9BEB-710ECF1857A8}.Release|Any CPU.Build.0 = Release|Any CPU
		{8BFFF9D1-84EC-4FBA-9BEB-710ECF1857A8}.Release|ARM.ActiveCfg = Release|Any CPU
		{8BFFF9D1-84EC-4FBA-9BEB-710ECF1857A8}.Release|ARM.Build.0 = Release|Any CPU
		{8BFFF9D1-84EC-4FBA-9BEB-710ECF1857A8}.Release|x64.ActiveCfg = Release|Any CPU
		{8BFFF9D1-84EC-4FBA-9BEB-710ECF1857A8}.Release|x64.Build.0 = Release|Any CPU
		{8BFFF9D1-84EC-4FBA-9BEB-710ECF1857A8}.Release|x86.ActiveCfg = Release|Any CPU
		{8BFFF9D1-84EC-4FBA-9BEB-710ECF1857A8}.Release|x86.Build.0 = Release|Any CPU
		{BCE106B4-0C81-4705-8A9C-C4C4F5EAB702}.Debug|Any CPU.ActiveCfg = Debug|Any CPU
		{BCE106B4-0C81-4705-8A9C-C4C4F5EAB702}.Debug|Any CPU.Build.0 = Debug|Any CPU
		{BCE106B4-0C81-4705-8A9C-C4C4F5EAB702}.Debug|ARM.ActiveCfg = Debug|Any CPU
		{BCE106B4-0C81-4705-8A9C-C4C4F5EAB702}.Debug|ARM.Build.0 = Debug|Any CPU
		{BCE106B4-0C81-4705-8A9C-C4C4F5EAB702}.Debug|x64.ActiveCfg = Debug|Any CPU
		{BCE106B4-0C81-4705-8A9C-C4C4F5EAB702}.Debug|x64.Build.0 = Debug|Any CPU
		{BCE106B4-0C81-4705-8A9C-C4C4F5EAB702}.Debug|x86.ActiveCfg = Debug|Any CPU
		{BCE106B4-0C81-4705-8A9C-C4C4F5EAB702}.Debug|x86.Build.0 = Debug|Any CPU
		{BCE106B4-0C81-4705-8A9C-C4C4F5EAB702}.Release|Any CPU.ActiveCfg = Release|Any CPU
		{BCE106B4-0C81-4705-8A9C-C4C4F5EAB702}.Release|Any CPU.Build.0 = Release|Any CPU
		{BCE106B4-0C81-4705-8A9C-C4C4F5EAB702}.Release|ARM.ActiveCfg = Release|Any CPU
		{BCE106B4-0C81-4705-8A9C-C4C4F5EAB702}.Release|ARM.Build.0 = Release|Any CPU
		{BCE106B4-0C81-4705-8A9C-C4C4F5EAB702}.Release|x64.ActiveCfg = Release|Any CPU
		{BCE106B4-0C81-4705-8A9C-C4C4F5EAB702}.Release|x64.Build.0 = Release|Any CPU
		{BCE106B4-0C81-4705-8A9C-C4C4F5EAB702}.Release|x86.ActiveCfg = Release|Any CPU
		{BCE106B4-0C81-4705-8A9C-C4C4F5EAB702}.Release|x86.Build.0 = Release|Any CPU
		{B2516A23-1A99-4263-964A-B820FD07FA80}.Debug|Any CPU.ActiveCfg = Debug|Any CPU
		{B2516A23-1A99-4263-964A-B820FD07FA80}.Debug|Any CPU.Build.0 = Debug|Any CPU
		{B2516A23-1A99-4263-964A-B820FD07FA80}.Debug|ARM.ActiveCfg = Debug|Any CPU
		{B2516A23-1A99-4263-964A-B820FD07FA80}.Debug|ARM.Build.0 = Debug|Any CPU
		{B2516A23-1A99-4263-964A-B820FD07FA80}.Debug|x64.ActiveCfg = Debug|Any CPU
		{B2516A23-1A99-4263-964A-B820FD07FA80}.Debug|x64.Build.0 = Debug|Any CPU
		{B2516A23-1A99-4263-964A-B820FD07FA80}.Debug|x86.ActiveCfg = Debug|Any CPU
		{B2516A23-1A99-4263-964A-B820FD07FA80}.Debug|x86.Build.0 = Debug|Any CPU
		{B2516A23-1A99-4263-964A-B820FD07FA80}.Release|Any CPU.ActiveCfg = Release|Any CPU
		{B2516A23-1A99-4263-964A-B820FD07FA80}.Release|Any CPU.Build.0 = Release|Any CPU
		{B2516A23-1A99-4263-964A-B820FD07FA80}.Release|ARM.ActiveCfg = Release|Any CPU
		{B2516A23-1A99-4263-964A-B820FD07FA80}.Release|ARM.Build.0 = Release|Any CPU
		{B2516A23-1A99-4263-964A-B820FD07FA80}.Release|x64.ActiveCfg = Release|Any CPU
		{B2516A23-1A99-4263-964A-B820FD07FA80}.Release|x64.Build.0 = Release|Any CPU
		{B2516A23-1A99-4263-964A-B820FD07FA80}.Release|x86.ActiveCfg = Release|Any CPU
		{B2516A23-1A99-4263-964A-B820FD07FA80}.Release|x86.Build.0 = Release|Any CPU
		{90F4C7BC-7A08-4C0F-A5D7-ED9D1D3900D4}.Debug|Any CPU.ActiveCfg = Debug|Any CPU
		{90F4C7BC-7A08-4C0F-A5D7-ED9D1D3900D4}.Debug|Any CPU.Build.0 = Debug|Any CPU
		{90F4C7BC-7A08-4C0F-A5D7-ED9D1D3900D4}.Debug|ARM.ActiveCfg = Debug|Any CPU
		{90F4C7BC-7A08-4C0F-A5D7-ED9D1D3900D4}.Debug|ARM.Build.0 = Debug|Any CPU
		{90F4C7BC-7A08-4C0F-A5D7-ED9D1D3900D4}.Debug|x64.ActiveCfg = Debug|Any CPU
		{90F4C7BC-7A08-4C0F-A5D7-ED9D1D3900D4}.Debug|x64.Build.0 = Debug|Any CPU
		{90F4C7BC-7A08-4C0F-A5D7-ED9D1D3900D4}.Debug|x86.ActiveCfg = Debug|Any CPU
		{90F4C7BC-7A08-4C0F-A5D7-ED9D1D3900D4}.Debug|x86.Build.0 = Debug|Any CPU
		{90F4C7BC-7A08-4C0F-A5D7-ED9D1D3900D4}.Release|Any CPU.ActiveCfg = Release|Any CPU
		{90F4C7BC-7A08-4C0F-A5D7-ED9D1D3900D4}.Release|Any CPU.Build.0 = Release|Any CPU
		{90F4C7BC-7A08-4C0F-A5D7-ED9D1D3900D4}.Release|ARM.ActiveCfg = Release|Any CPU
		{90F4C7BC-7A08-4C0F-A5D7-ED9D1D3900D4}.Release|ARM.Build.0 = Release|Any CPU
		{90F4C7BC-7A08-4C0F-A5D7-ED9D1D3900D4}.Release|x64.ActiveCfg = Release|Any CPU
		{90F4C7BC-7A08-4C0F-A5D7-ED9D1D3900D4}.Release|x64.Build.0 = Release|Any CPU
		{90F4C7BC-7A08-4C0F-A5D7-ED9D1D3900D4}.Release|x86.ActiveCfg = Release|Any CPU
		{90F4C7BC-7A08-4C0F-A5D7-ED9D1D3900D4}.Release|x86.Build.0 = Release|Any CPU
		{7329B02D-C504-482A-A156-181D48CE493C}.Debug|Any CPU.ActiveCfg = Debug|Any CPU
		{7329B02D-C504-482A-A156-181D48CE493C}.Debug|Any CPU.Build.0 = Debug|Any CPU
		{7329B02D-C504-482A-A156-181D48CE493C}.Debug|ARM.ActiveCfg = Debug|Any CPU
		{7329B02D-C504-482A-A156-181D48CE493C}.Debug|ARM.Build.0 = Debug|Any CPU
		{7329B02D-C504-482A-A156-181D48CE493C}.Debug|x64.ActiveCfg = Debug|Any CPU
		{7329B02D-C504-482A-A156-181D48CE493C}.Debug|x64.Build.0 = Debug|Any CPU
		{7329B02D-C504-482A-A156-181D48CE493C}.Debug|x86.ActiveCfg = Debug|Any CPU
		{7329B02D-C504-482A-A156-181D48CE493C}.Debug|x86.Build.0 = Debug|Any CPU
		{7329B02D-C504-482A-A156-181D48CE493C}.Release|Any CPU.ActiveCfg = Release|Any CPU
		{7329B02D-C504-482A-A156-181D48CE493C}.Release|Any CPU.Build.0 = Release|Any CPU
		{7329B02D-C504-482A-A156-181D48CE493C}.Release|ARM.ActiveCfg = Release|Any CPU
		{7329B02D-C504-482A-A156-181D48CE493C}.Release|ARM.Build.0 = Release|Any CPU
		{7329B02D-C504-482A-A156-181D48CE493C}.Release|x64.ActiveCfg = Release|Any CPU
		{7329B02D-C504-482A-A156-181D48CE493C}.Release|x64.Build.0 = Release|Any CPU
		{7329B02D-C504-482A-A156-181D48CE493C}.Release|x86.ActiveCfg = Release|Any CPU
		{7329B02D-C504-482A-A156-181D48CE493C}.Release|x86.Build.0 = Release|Any CPU
		{76FD0713-F217-4485-89B3-C6423DB46C58}.Debug|Any CPU.ActiveCfg = Debug|Any CPU
		{76FD0713-F217-4485-89B3-C6423DB46C58}.Debug|Any CPU.Build.0 = Debug|Any CPU
		{76FD0713-F217-4485-89B3-C6423DB46C58}.Debug|ARM.ActiveCfg = Debug|Any CPU
		{76FD0713-F217-4485-89B3-C6423DB46C58}.Debug|ARM.Build.0 = Debug|Any CPU
		{76FD0713-F217-4485-89B3-C6423DB46C58}.Debug|x64.ActiveCfg = Debug|Any CPU
		{76FD0713-F217-4485-89B3-C6423DB46C58}.Debug|x64.Build.0 = Debug|Any CPU
		{76FD0713-F217-4485-89B3-C6423DB46C58}.Debug|x86.ActiveCfg = Debug|Any CPU
		{76FD0713-F217-4485-89B3-C6423DB46C58}.Debug|x86.Build.0 = Debug|Any CPU
		{76FD0713-F217-4485-89B3-C6423DB46C58}.Release|Any CPU.ActiveCfg = Release|Any CPU
		{76FD0713-F217-4485-89B3-C6423DB46C58}.Release|Any CPU.Build.0 = Release|Any CPU
		{76FD0713-F217-4485-89B3-C6423DB46C58}.Release|ARM.ActiveCfg = Release|Any CPU
		{76FD0713-F217-4485-89B3-C6423DB46C58}.Release|ARM.Build.0 = Release|Any CPU
		{76FD0713-F217-4485-89B3-C6423DB46C58}.Release|x64.ActiveCfg = Release|Any CPU
		{76FD0713-F217-4485-89B3-C6423DB46C58}.Release|x64.Build.0 = Release|Any CPU
		{76FD0713-F217-4485-89B3-C6423DB46C58}.Release|x86.ActiveCfg = Release|Any CPU
		{76FD0713-F217-4485-89B3-C6423DB46C58}.Release|x86.Build.0 = Release|Any CPU
		{1FA327C8-6C48-4FFC-9235-B98B7521B79D}.Debug|Any CPU.ActiveCfg = Debug|Any CPU
		{1FA327C8-6C48-4FFC-9235-B98B7521B79D}.Debug|Any CPU.Build.0 = Debug|Any CPU
		{1FA327C8-6C48-4FFC-9235-B98B7521B79D}.Debug|ARM.ActiveCfg = Debug|Any CPU
		{1FA327C8-6C48-4FFC-9235-B98B7521B79D}.Debug|ARM.Build.0 = Debug|Any CPU
		{1FA327C8-6C48-4FFC-9235-B98B7521B79D}.Debug|x64.ActiveCfg = Debug|Any CPU
		{1FA327C8-6C48-4FFC-9235-B98B7521B79D}.Debug|x64.Build.0 = Debug|Any CPU
		{1FA327C8-6C48-4FFC-9235-B98B7521B79D}.Debug|x86.ActiveCfg = Debug|Any CPU
		{1FA327C8-6C48-4FFC-9235-B98B7521B79D}.Debug|x86.Build.0 = Debug|Any CPU
		{1FA327C8-6C48-4FFC-9235-B98B7521B79D}.Release|Any CPU.ActiveCfg = Release|Any CPU
		{1FA327C8-6C48-4FFC-9235-B98B7521B79D}.Release|Any CPU.Build.0 = Release|Any CPU
		{1FA327C8-6C48-4FFC-9235-B98B7521B79D}.Release|ARM.ActiveCfg = Release|Any CPU
		{1FA327C8-6C48-4FFC-9235-B98B7521B79D}.Release|ARM.Build.0 = Release|Any CPU
		{1FA327C8-6C48-4FFC-9235-B98B7521B79D}.Release|x64.ActiveCfg = Release|Any CPU
		{1FA327C8-6C48-4FFC-9235-B98B7521B79D}.Release|x64.Build.0 = Release|Any CPU
		{1FA327C8-6C48-4FFC-9235-B98B7521B79D}.Release|x86.ActiveCfg = Release|Any CPU
		{1FA327C8-6C48-4FFC-9235-B98B7521B79D}.Release|x86.Build.0 = Release|Any CPU
		{46452614-6B06-400F-A74C-1632C79B762C}.Debug|Any CPU.ActiveCfg = Debug|Any CPU
		{46452614-6B06-400F-A74C-1632C79B762C}.Debug|Any CPU.Build.0 = Debug|Any CPU
		{46452614-6B06-400F-A74C-1632C79B762C}.Debug|ARM.ActiveCfg = Debug|Any CPU
		{46452614-6B06-400F-A74C-1632C79B762C}.Debug|ARM.Build.0 = Debug|Any CPU
		{46452614-6B06-400F-A74C-1632C79B762C}.Debug|x64.ActiveCfg = Debug|Any CPU
		{46452614-6B06-400F-A74C-1632C79B762C}.Debug|x64.Build.0 = Debug|Any CPU
		{46452614-6B06-400F-A74C-1632C79B762C}.Debug|x86.ActiveCfg = Debug|Any CPU
		{46452614-6B06-400F-A74C-1632C79B762C}.Debug|x86.Build.0 = Debug|Any CPU
		{46452614-6B06-400F-A74C-1632C79B762C}.Release|Any CPU.ActiveCfg = Release|Any CPU
		{46452614-6B06-400F-A74C-1632C79B762C}.Release|Any CPU.Build.0 = Release|Any CPU
		{46452614-6B06-400F-A74C-1632C79B762C}.Release|ARM.ActiveCfg = Release|Any CPU
		{46452614-6B06-400F-A74C-1632C79B762C}.Release|ARM.Build.0 = Release|Any CPU
		{46452614-6B06-400F-A74C-1632C79B762C}.Release|x64.ActiveCfg = Release|Any CPU
		{46452614-6B06-400F-A74C-1632C79B762C}.Release|x64.Build.0 = Release|Any CPU
		{46452614-6B06-400F-A74C-1632C79B762C}.Release|x86.ActiveCfg = Release|Any CPU
		{46452614-6B06-400F-A74C-1632C79B762C}.Release|x86.Build.0 = Release|Any CPU
		{ED9F81D3-C2F1-47CA-A25C-8F2CEFE70D0F}.Debug|Any CPU.ActiveCfg = Debug|Any CPU
		{ED9F81D3-C2F1-47CA-A25C-8F2CEFE70D0F}.Debug|Any CPU.Build.0 = Debug|Any CPU
		{ED9F81D3-C2F1-47CA-A25C-8F2CEFE70D0F}.Debug|ARM.ActiveCfg = Debug|Any CPU
		{ED9F81D3-C2F1-47CA-A25C-8F2CEFE70D0F}.Debug|ARM.Build.0 = Debug|Any CPU
		{ED9F81D3-C2F1-47CA-A25C-8F2CEFE70D0F}.Debug|x64.ActiveCfg = Debug|Any CPU
		{ED9F81D3-C2F1-47CA-A25C-8F2CEFE70D0F}.Debug|x64.Build.0 = Debug|Any CPU
		{ED9F81D3-C2F1-47CA-A25C-8F2CEFE70D0F}.Debug|x86.ActiveCfg = Debug|Any CPU
		{ED9F81D3-C2F1-47CA-A25C-8F2CEFE70D0F}.Debug|x86.Build.0 = Debug|Any CPU
		{ED9F81D3-C2F1-47CA-A25C-8F2CEFE70D0F}.Release|Any CPU.ActiveCfg = Release|Any CPU
		{ED9F81D3-C2F1-47CA-A25C-8F2CEFE70D0F}.Release|Any CPU.Build.0 = Release|Any CPU
		{ED9F81D3-C2F1-47CA-A25C-8F2CEFE70D0F}.Release|ARM.ActiveCfg = Release|Any CPU
		{ED9F81D3-C2F1-47CA-A25C-8F2CEFE70D0F}.Release|ARM.Build.0 = Release|Any CPU
		{ED9F81D3-C2F1-47CA-A25C-8F2CEFE70D0F}.Release|x64.ActiveCfg = Release|Any CPU
		{ED9F81D3-C2F1-47CA-A25C-8F2CEFE70D0F}.Release|x64.Build.0 = Release|Any CPU
		{ED9F81D3-C2F1-47CA-A25C-8F2CEFE70D0F}.Release|x86.ActiveCfg = Release|Any CPU
		{ED9F81D3-C2F1-47CA-A25C-8F2CEFE70D0F}.Release|x86.Build.0 = Release|Any CPU
		{EEFFFBCA-06D3-447E-85B0-E49FC5676744}.Debug|Any CPU.ActiveCfg = Debug|Any CPU
		{EEFFFBCA-06D3-447E-85B0-E49FC5676744}.Debug|Any CPU.Build.0 = Debug|Any CPU
		{EEFFFBCA-06D3-447E-85B0-E49FC5676744}.Debug|ARM.ActiveCfg = Debug|Any CPU
		{EEFFFBCA-06D3-447E-85B0-E49FC5676744}.Debug|ARM.Build.0 = Debug|Any CPU
		{EEFFFBCA-06D3-447E-85B0-E49FC5676744}.Debug|x64.ActiveCfg = Debug|Any CPU
		{EEFFFBCA-06D3-447E-85B0-E49FC5676744}.Debug|x64.Build.0 = Debug|Any CPU
		{EEFFFBCA-06D3-447E-85B0-E49FC5676744}.Debug|x86.ActiveCfg = Debug|Any CPU
		{EEFFFBCA-06D3-447E-85B0-E49FC5676744}.Debug|x86.Build.0 = Debug|Any CPU
		{EEFFFBCA-06D3-447E-85B0-E49FC5676744}.Release|Any CPU.ActiveCfg = Release|Any CPU
		{EEFFFBCA-06D3-447E-85B0-E49FC5676744}.Release|Any CPU.Build.0 = Release|Any CPU
		{EEFFFBCA-06D3-447E-85B0-E49FC5676744}.Release|ARM.ActiveCfg = Release|Any CPU
		{EEFFFBCA-06D3-447E-85B0-E49FC5676744}.Release|ARM.Build.0 = Release|Any CPU
		{EEFFFBCA-06D3-447E-85B0-E49FC5676744}.Release|x64.ActiveCfg = Release|Any CPU
		{EEFFFBCA-06D3-447E-85B0-E49FC5676744}.Release|x64.Build.0 = Release|Any CPU
		{EEFFFBCA-06D3-447E-85B0-E49FC5676744}.Release|x86.ActiveCfg = Release|Any CPU
		{EEFFFBCA-06D3-447E-85B0-E49FC5676744}.Release|x86.Build.0 = Release|Any CPU
		{4E0E6A4D-930D-4660-8DE0-E30FF1F9F4A9}.Debug|Any CPU.ActiveCfg = Debug|Any CPU
		{4E0E6A4D-930D-4660-8DE0-E30FF1F9F4A9}.Debug|Any CPU.Build.0 = Debug|Any CPU
		{4E0E6A4D-930D-4660-8DE0-E30FF1F9F4A9}.Debug|ARM.ActiveCfg = Debug|Any CPU
		{4E0E6A4D-930D-4660-8DE0-E30FF1F9F4A9}.Debug|ARM.Build.0 = Debug|Any CPU
		{4E0E6A4D-930D-4660-8DE0-E30FF1F9F4A9}.Debug|x64.ActiveCfg = Debug|Any CPU
		{4E0E6A4D-930D-4660-8DE0-E30FF1F9F4A9}.Debug|x64.Build.0 = Debug|Any CPU
		{4E0E6A4D-930D-4660-8DE0-E30FF1F9F4A9}.Debug|x86.ActiveCfg = Debug|Any CPU
		{4E0E6A4D-930D-4660-8DE0-E30FF1F9F4A9}.Debug|x86.Build.0 = Debug|Any CPU
		{4E0E6A4D-930D-4660-8DE0-E30FF1F9F4A9}.Release|Any CPU.ActiveCfg = Release|Any CPU
		{4E0E6A4D-930D-4660-8DE0-E30FF1F9F4A9}.Release|Any CPU.Build.0 = Release|Any CPU
		{4E0E6A4D-930D-4660-8DE0-E30FF1F9F4A9}.Release|ARM.ActiveCfg = Release|Any CPU
		{4E0E6A4D-930D-4660-8DE0-E30FF1F9F4A9}.Release|ARM.Build.0 = Release|Any CPU
		{4E0E6A4D-930D-4660-8DE0-E30FF1F9F4A9}.Release|x64.ActiveCfg = Release|Any CPU
		{4E0E6A4D-930D-4660-8DE0-E30FF1F9F4A9}.Release|x64.Build.0 = Release|Any CPU
		{4E0E6A4D-930D-4660-8DE0-E30FF1F9F4A9}.Release|x86.ActiveCfg = Release|Any CPU
		{4E0E6A4D-930D-4660-8DE0-E30FF1F9F4A9}.Release|x86.Build.0 = Release|Any CPU
		{B56E3293-87AF-46BA-B64C-B973C983D67F}.Debug|Any CPU.ActiveCfg = Debug|Any CPU
		{B56E3293-87AF-46BA-B64C-B973C983D67F}.Debug|Any CPU.Build.0 = Debug|Any CPU
		{B56E3293-87AF-46BA-B64C-B973C983D67F}.Debug|ARM.ActiveCfg = Debug|Any CPU
		{B56E3293-87AF-46BA-B64C-B973C983D67F}.Debug|ARM.Build.0 = Debug|Any CPU
		{B56E3293-87AF-46BA-B64C-B973C983D67F}.Debug|x64.ActiveCfg = Debug|Any CPU
		{B56E3293-87AF-46BA-B64C-B973C983D67F}.Debug|x64.Build.0 = Debug|Any CPU
		{B56E3293-87AF-46BA-B64C-B973C983D67F}.Debug|x86.ActiveCfg = Debug|Any CPU
		{B56E3293-87AF-46BA-B64C-B973C983D67F}.Debug|x86.Build.0 = Debug|Any CPU
		{B56E3293-87AF-46BA-B64C-B973C983D67F}.Release|Any CPU.ActiveCfg = Release|Any CPU
		{B56E3293-87AF-46BA-B64C-B973C983D67F}.Release|Any CPU.Build.0 = Release|Any CPU
		{B56E3293-87AF-46BA-B64C-B973C983D67F}.Release|ARM.ActiveCfg = Release|Any CPU
		{B56E3293-87AF-46BA-B64C-B973C983D67F}.Release|ARM.Build.0 = Release|Any CPU
		{B56E3293-87AF-46BA-B64C-B973C983D67F}.Release|x64.ActiveCfg = Release|Any CPU
		{B56E3293-87AF-46BA-B64C-B973C983D67F}.Release|x64.Build.0 = Release|Any CPU
		{B56E3293-87AF-46BA-B64C-B973C983D67F}.Release|x86.ActiveCfg = Release|Any CPU
		{B56E3293-87AF-46BA-B64C-B973C983D67F}.Release|x86.Build.0 = Release|Any CPU
		{049066CA-05C3-4629-B05B-547F3D0CB41B}.Debug|Any CPU.ActiveCfg = Debug|Any CPU
		{049066CA-05C3-4629-B05B-547F3D0CB41B}.Debug|Any CPU.Build.0 = Debug|Any CPU
		{049066CA-05C3-4629-B05B-547F3D0CB41B}.Debug|ARM.ActiveCfg = Debug|Any CPU
		{049066CA-05C3-4629-B05B-547F3D0CB41B}.Debug|ARM.Build.0 = Debug|Any CPU
		{049066CA-05C3-4629-B05B-547F3D0CB41B}.Debug|x64.ActiveCfg = Debug|Any CPU
		{049066CA-05C3-4629-B05B-547F3D0CB41B}.Debug|x64.Build.0 = Debug|Any CPU
		{049066CA-05C3-4629-B05B-547F3D0CB41B}.Debug|x86.ActiveCfg = Debug|Any CPU
		{049066CA-05C3-4629-B05B-547F3D0CB41B}.Debug|x86.Build.0 = Debug|Any CPU
		{049066CA-05C3-4629-B05B-547F3D0CB41B}.Release|Any CPU.ActiveCfg = Release|Any CPU
		{049066CA-05C3-4629-B05B-547F3D0CB41B}.Release|Any CPU.Build.0 = Release|Any CPU
		{049066CA-05C3-4629-B05B-547F3D0CB41B}.Release|ARM.ActiveCfg = Release|Any CPU
		{049066CA-05C3-4629-B05B-547F3D0CB41B}.Release|ARM.Build.0 = Release|Any CPU
		{049066CA-05C3-4629-B05B-547F3D0CB41B}.Release|x64.ActiveCfg = Release|Any CPU
		{049066CA-05C3-4629-B05B-547F3D0CB41B}.Release|x64.Build.0 = Release|Any CPU
		{049066CA-05C3-4629-B05B-547F3D0CB41B}.Release|x86.ActiveCfg = Release|Any CPU
		{049066CA-05C3-4629-B05B-547F3D0CB41B}.Release|x86.Build.0 = Release|Any CPU
		{4ABAA844-2FEB-48D1-9CAF-ED6D2A95BF37}.Debug|Any CPU.ActiveCfg = Debug|Any CPU
		{4ABAA844-2FEB-48D1-9CAF-ED6D2A95BF37}.Debug|Any CPU.Build.0 = Debug|Any CPU
		{4ABAA844-2FEB-48D1-9CAF-ED6D2A95BF37}.Debug|ARM.ActiveCfg = Debug|Any CPU
		{4ABAA844-2FEB-48D1-9CAF-ED6D2A95BF37}.Debug|ARM.Build.0 = Debug|Any CPU
		{4ABAA844-2FEB-48D1-9CAF-ED6D2A95BF37}.Debug|x64.ActiveCfg = Debug|Any CPU
		{4ABAA844-2FEB-48D1-9CAF-ED6D2A95BF37}.Debug|x64.Build.0 = Debug|Any CPU
		{4ABAA844-2FEB-48D1-9CAF-ED6D2A95BF37}.Debug|x86.ActiveCfg = Debug|Any CPU
		{4ABAA844-2FEB-48D1-9CAF-ED6D2A95BF37}.Debug|x86.Build.0 = Debug|Any CPU
		{4ABAA844-2FEB-48D1-9CAF-ED6D2A95BF37}.Release|Any CPU.ActiveCfg = Release|Any CPU
		{4ABAA844-2FEB-48D1-9CAF-ED6D2A95BF37}.Release|Any CPU.Build.0 = Release|Any CPU
		{4ABAA844-2FEB-48D1-9CAF-ED6D2A95BF37}.Release|ARM.ActiveCfg = Release|Any CPU
		{4ABAA844-2FEB-48D1-9CAF-ED6D2A95BF37}.Release|ARM.Build.0 = Release|Any CPU
		{4ABAA844-2FEB-48D1-9CAF-ED6D2A95BF37}.Release|x64.ActiveCfg = Release|Any CPU
		{4ABAA844-2FEB-48D1-9CAF-ED6D2A95BF37}.Release|x64.Build.0 = Release|Any CPU
		{4ABAA844-2FEB-48D1-9CAF-ED6D2A95BF37}.Release|x86.ActiveCfg = Release|Any CPU
		{4ABAA844-2FEB-48D1-9CAF-ED6D2A95BF37}.Release|x86.Build.0 = Release|Any CPU
		{834689A4-F62D-4E4E-8B7E-11A070470B8B}.Debug|Any CPU.ActiveCfg = Debug|Any CPU
		{834689A4-F62D-4E4E-8B7E-11A070470B8B}.Debug|Any CPU.Build.0 = Debug|Any CPU
		{834689A4-F62D-4E4E-8B7E-11A070470B8B}.Debug|ARM.ActiveCfg = Debug|Any CPU
		{834689A4-F62D-4E4E-8B7E-11A070470B8B}.Debug|ARM.Build.0 = Debug|Any CPU
		{834689A4-F62D-4E4E-8B7E-11A070470B8B}.Debug|x64.ActiveCfg = Debug|Any CPU
		{834689A4-F62D-4E4E-8B7E-11A070470B8B}.Debug|x64.Build.0 = Debug|Any CPU
		{834689A4-F62D-4E4E-8B7E-11A070470B8B}.Debug|x86.ActiveCfg = Debug|Any CPU
		{834689A4-F62D-4E4E-8B7E-11A070470B8B}.Debug|x86.Build.0 = Debug|Any CPU
		{834689A4-F62D-4E4E-8B7E-11A070470B8B}.Release|Any CPU.ActiveCfg = Release|Any CPU
		{834689A4-F62D-4E4E-8B7E-11A070470B8B}.Release|Any CPU.Build.0 = Release|Any CPU
		{834689A4-F62D-4E4E-8B7E-11A070470B8B}.Release|ARM.ActiveCfg = Release|Any CPU
		{834689A4-F62D-4E4E-8B7E-11A070470B8B}.Release|ARM.Build.0 = Release|Any CPU
		{834689A4-F62D-4E4E-8B7E-11A070470B8B}.Release|x64.ActiveCfg = Release|Any CPU
		{834689A4-F62D-4E4E-8B7E-11A070470B8B}.Release|x64.Build.0 = Release|Any CPU
		{834689A4-F62D-4E4E-8B7E-11A070470B8B}.Release|x86.ActiveCfg = Release|Any CPU
		{834689A4-F62D-4E4E-8B7E-11A070470B8B}.Release|x86.Build.0 = Release|Any CPU
		{C36791B4-786A-43E2-BD5C-A361BA9B456E}.Debug|Any CPU.ActiveCfg = Debug|Any CPU
		{C36791B4-786A-43E2-BD5C-A361BA9B456E}.Debug|Any CPU.Build.0 = Debug|Any CPU
		{C36791B4-786A-43E2-BD5C-A361BA9B456E}.Debug|ARM.ActiveCfg = Debug|Any CPU
		{C36791B4-786A-43E2-BD5C-A361BA9B456E}.Debug|ARM.Build.0 = Debug|Any CPU
		{C36791B4-786A-43E2-BD5C-A361BA9B456E}.Debug|x64.ActiveCfg = Debug|Any CPU
		{C36791B4-786A-43E2-BD5C-A361BA9B456E}.Debug|x64.Build.0 = Debug|Any CPU
		{C36791B4-786A-43E2-BD5C-A361BA9B456E}.Debug|x86.ActiveCfg = Debug|x86
		{C36791B4-786A-43E2-BD5C-A361BA9B456E}.Debug|x86.Build.0 = Debug|x86
		{C36791B4-786A-43E2-BD5C-A361BA9B456E}.Release|Any CPU.ActiveCfg = Release|Any CPU
		{C36791B4-786A-43E2-BD5C-A361BA9B456E}.Release|Any CPU.Build.0 = Release|Any CPU
		{C36791B4-786A-43E2-BD5C-A361BA9B456E}.Release|ARM.ActiveCfg = Release|Any CPU
		{C36791B4-786A-43E2-BD5C-A361BA9B456E}.Release|ARM.Build.0 = Release|Any CPU
		{C36791B4-786A-43E2-BD5C-A361BA9B456E}.Release|x64.ActiveCfg = Release|Any CPU
		{C36791B4-786A-43E2-BD5C-A361BA9B456E}.Release|x64.Build.0 = Release|Any CPU
		{C36791B4-786A-43E2-BD5C-A361BA9B456E}.Release|x86.ActiveCfg = Release|x86
		{C36791B4-786A-43E2-BD5C-A361BA9B456E}.Release|x86.Build.0 = Release|x86
		{E9E0A195-A167-49D4-9F26-CCE99D754D24}.Debug|Any CPU.ActiveCfg = Debug|x86
		{E9E0A195-A167-49D4-9F26-CCE99D754D24}.Debug|ARM.ActiveCfg = Debug|ARM
		{E9E0A195-A167-49D4-9F26-CCE99D754D24}.Debug|ARM.Build.0 = Debug|ARM
		{E9E0A195-A167-49D4-9F26-CCE99D754D24}.Debug|ARM.Deploy.0 = Debug|ARM
		{E9E0A195-A167-49D4-9F26-CCE99D754D24}.Debug|x64.ActiveCfg = Debug|x64
		{E9E0A195-A167-49D4-9F26-CCE99D754D24}.Debug|x64.Build.0 = Debug|x64
		{E9E0A195-A167-49D4-9F26-CCE99D754D24}.Debug|x64.Deploy.0 = Debug|x64
		{E9E0A195-A167-49D4-9F26-CCE99D754D24}.Debug|x86.ActiveCfg = Debug|x86
		{E9E0A195-A167-49D4-9F26-CCE99D754D24}.Debug|x86.Build.0 = Debug|x86
		{E9E0A195-A167-49D4-9F26-CCE99D754D24}.Debug|x86.Deploy.0 = Debug|x86
		{E9E0A195-A167-49D4-9F26-CCE99D754D24}.Release|Any CPU.ActiveCfg = Release|x86
		{E9E0A195-A167-49D4-9F26-CCE99D754D24}.Release|ARM.ActiveCfg = Release|ARM
		{E9E0A195-A167-49D4-9F26-CCE99D754D24}.Release|ARM.Build.0 = Release|ARM
		{E9E0A195-A167-49D4-9F26-CCE99D754D24}.Release|ARM.Deploy.0 = Release|ARM
		{E9E0A195-A167-49D4-9F26-CCE99D754D24}.Release|x64.ActiveCfg = Release|x64
		{E9E0A195-A167-49D4-9F26-CCE99D754D24}.Release|x64.Build.0 = Release|x64
		{E9E0A195-A167-49D4-9F26-CCE99D754D24}.Release|x64.Deploy.0 = Release|x64
		{E9E0A195-A167-49D4-9F26-CCE99D754D24}.Release|x86.ActiveCfg = Release|x86
		{E9E0A195-A167-49D4-9F26-CCE99D754D24}.Release|x86.Build.0 = Release|x86
		{E9E0A195-A167-49D4-9F26-CCE99D754D24}.Release|x86.Deploy.0 = Release|x86
		{FFAD4644-7527-47AD-A346-C08BE358C3F9}.Debug|Any CPU.ActiveCfg = Debug|Any CPU
		{FFAD4644-7527-47AD-A346-C08BE358C3F9}.Debug|Any CPU.Build.0 = Debug|Any CPU
		{FFAD4644-7527-47AD-A346-C08BE358C3F9}.Debug|ARM.ActiveCfg = Debug|Any CPU
		{FFAD4644-7527-47AD-A346-C08BE358C3F9}.Debug|ARM.Build.0 = Debug|Any CPU
		{FFAD4644-7527-47AD-A346-C08BE358C3F9}.Debug|x64.ActiveCfg = Debug|Any CPU
		{FFAD4644-7527-47AD-A346-C08BE358C3F9}.Debug|x64.Build.0 = Debug|Any CPU
		{FFAD4644-7527-47AD-A346-C08BE358C3F9}.Debug|x86.ActiveCfg = Debug|Any CPU
		{FFAD4644-7527-47AD-A346-C08BE358C3F9}.Debug|x86.Build.0 = Debug|Any CPU
		{FFAD4644-7527-47AD-A346-C08BE358C3F9}.Release|Any CPU.ActiveCfg = Release|Any CPU
		{FFAD4644-7527-47AD-A346-C08BE358C3F9}.Release|Any CPU.Build.0 = Release|Any CPU
		{FFAD4644-7527-47AD-A346-C08BE358C3F9}.Release|ARM.ActiveCfg = Release|Any CPU
		{FFAD4644-7527-47AD-A346-C08BE358C3F9}.Release|ARM.Build.0 = Release|Any CPU
		{FFAD4644-7527-47AD-A346-C08BE358C3F9}.Release|x64.ActiveCfg = Release|Any CPU
		{FFAD4644-7527-47AD-A346-C08BE358C3F9}.Release|x64.Build.0 = Release|Any CPU
		{FFAD4644-7527-47AD-A346-C08BE358C3F9}.Release|x86.ActiveCfg = Release|Any CPU
		{FFAD4644-7527-47AD-A346-C08BE358C3F9}.Release|x86.Build.0 = Release|Any CPU
	EndGlobalSection
	GlobalSection(SolutionProperties) = preSolution
		HideSolutionNode = FALSE
	EndGlobalSection
	GlobalSection(NestedProjects) = preSolution
		{B56E3293-87AF-46BA-B64C-B973C983D67F} = {D557E3EB-E819-40C3-AC3B-C8A0DFDF2AD5}
		{049066CA-05C3-4629-B05B-547F3D0CB41B} = {D557E3EB-E819-40C3-AC3B-C8A0DFDF2AD5}
		{4ABAA844-2FEB-48D1-9CAF-ED6D2A95BF37} = {D557E3EB-E819-40C3-AC3B-C8A0DFDF2AD5}
		{834689A4-F62D-4E4E-8B7E-11A070470B8B} = {D557E3EB-E819-40C3-AC3B-C8A0DFDF2AD5}
		{C36791B4-786A-43E2-BD5C-A361BA9B456E} = {742525A5-2B1D-4690-B03B-6A1A200D3A9F}
		{E9E0A195-A167-49D4-9F26-CCE99D754D24} = {742525A5-2B1D-4690-B03B-6A1A200D3A9F}
		{FFAD4644-7527-47AD-A346-C08BE358C3F9} = {D557E3EB-E819-40C3-AC3B-C8A0DFDF2AD5}
	EndGlobalSection
EndGlobal
